
Microsoft Visual Studio Solution File, Format Version 12.00
# Visual Studio Version 17
VisualStudioVersion = 17.3.32819.101
MinimumVisualStudioVersion = 10.0.40219.1
Project("{FAE04EC0-301F-11D3-BF4B-00C04F79EFBC}") = "Perceptron-LogicGate", "Perceptron-LogicGate\Perceptron-LogicGate.csproj", "{84AB5FE8-05DB-4D46-9B02-010B5489A18F}"
EndProject
Global
	GlobalSection(SolutionConfigurationPlatforms) = preSolution
		Debug|Any CPU = Debug|Any CPU
		Release|Any CPU = Release|Any CPU
	EndGlobalSection
	GlobalSection(ProjectConfigurationPlatforms) = postSolution
		{84AB5FE8-05DB-4D46-9B02-010B5489A18F}.Debug|Any CPU.ActiveCfg = Debug|Any CPU
		{84AB5FE8-05DB-4D46-9B02-010B5489A18F}.Debug|Any CPU.Build.0 = Debug|Any CPU
		{84AB5FE8-05DB-4D46-9B02-010B5489A18F}.Release|Any CPU.ActiveCfg = Release|Any CPU
		{84AB5FE8-05DB-4D46-9B02-010B5489A18F}.Release|Any CPU.Build.0 = Release|Any CPU
	EndGlobalSection
	GlobalSection(SolutionProperties) = preSolution
		HideSolutionNode = FALSE
	EndGlobalSection
	GlobalSection(ExtensibilityGlobals) = postSolution
		SolutionGuid = {C41B6FC4-2302-43F9-A215-988040C197CE}
	EndGlobalSection
EndGlobal
